// !$*UTF8*$!
{
	archiveVersion = 1;
	classes = {
	};
	objectVersion = 46;
	objects = {

/* Begin PBXBuildFile section */
		BA32196B1AE2488D0075FB0F /* main.m in Sources */ = {isa = PBXBuildFile; fileRef = BA32196A1AE2488D0075FB0F /* main.m */; };
		BA32196E1AE2488D0075FB0F /* AppDelegate.m in Sources */ = {isa = PBXBuildFile; fileRef = BA32196D1AE2488D0075FB0F /* AppDelegate.m */; };
		BA3219711AE2488D0075FB0F /* ViewController.m in Sources */ = {isa = PBXBuildFile; fileRef = BA3219701AE2488D0075FB0F /* ViewController.m */; };
		BA3219741AE2488D0075FB0F /* Main.storyboard in Resources */ = {isa = PBXBuildFile; fileRef = BA3219721AE2488D0075FB0F /* Main.storyboard */; };
		BA3219761AE2488D0075FB0F /* Images.xcassets in Resources */ = {isa = PBXBuildFile; fileRef = BA3219751AE2488D0075FB0F /* Images.xcassets */; };
		BA3219791AE2488D0075FB0F /* LaunchScreen.xib in Resources */ = {isa = PBXBuildFile; fileRef = BA3219771AE2488D0075FB0F /* LaunchScreen.xib */; };
		BA3219851AE2488D0075FB0F /* FeRainbowMenuTests.m in Sources */ = {isa = PBXBuildFile; fileRef = BA3219841AE2488D0075FB0F /* FeRainbowMenuTests.m */; };
/* End PBXBuildFile section */

/* Begin PBXContainerItemProxy section */
		BA32197F1AE2488D0075FB0F /* PBXContainerItemProxy */ = {
			isa = PBXContainerItemProxy;
			containerPortal = BA32195D1AE2488D0075FB0F /* Project object */;
			proxyType = 1;
			remoteGlobalIDString = BA3219641AE2488D0075FB0F;
			remoteInfo = FeRainbowMenu;
		};
/* End PBXContainerItemProxy section */

/* Begin PBXFileReference section */
		BA3219651AE2488D0075FB0F /* FeRainbowMenu.app */ = {isa = PBXFileReference; explicitFileType = wrapper.application; includeInIndex = 0; path = FeRainbowMenu.app; sourceTree = BUILT_PRODUCTS_DIR; };
		BA3219691AE2488D0075FB0F /* Info.plist */ = {isa = PBXFileReference; lastKnownFileType = text.plist.xml; path = Info.plist; sourceTree = "<group>"; };
		BA32196A1AE2488D0075FB0F /* main.m */ = {isa = PBXFileReference; lastKnownFileType = sourcecode.c.objc; path = main.m; sourceTree = "<group>"; };
		BA32196C1AE2488D0075FB0F /* AppDelegate.h */ = {isa = PBXFileReference; lastKnownFileType = sourcecode.c.h; path = AppDelegate.h; sourceTree = "<group>"; };
		BA32196D1AE2488D0075FB0F /* AppDelegate.m */ = {isa = PBXFileReference; lastKnownFileType = sourcecode.c.objc; path = AppDelegate.m; sourceTree = "<group>"; };
		BA32196F1AE2488D0075FB0F /* ViewController.h */ = {isa = PBXFileReference; lastKnownFileType = sourcecode.c.h; path = ViewController.h; sourceTree = "<group>"; };
		BA3219701AE2488D0075FB0F /* ViewController.m */ = {isa = PBXFileReference; lastKnownFileType = sourcecode.c.objc; path = ViewController.m; sourceTree = "<group>"; };
		BA3219731AE2488D0075FB0F /* Base */ = {isa = PBXFileReference; lastKnownFileType = file.storyboard; name = Base; path = Base.lproj/Main.storyboard; sourceTree = "<group>"; };
		BA3219751AE2488D0075FB0F /* Images.xcassets */ = {isa = PBXFileReference; lastKnownFileType = folder.assetcatalog; path = Images.xcassets; sourceTree = "<group>"; };
		BA3219781AE2488D0075FB0F /* Base */ = {isa = PBXFileReference; lastKnownFileType = file.xib; name = Base; path = Base.lproj/LaunchScreen.xib; sourceTree = "<group>"; };
		BA32197E1AE2488D0075FB0F /* FeRainbowMenuTests.xctest */ = {isa = PBXFileReference; explicitFileType = wrapper.cfbundle; includeInIndex = 0; path = FeRainbowMenuTests.xctest; sourceTree = BUILT_PRODUCTS_DIR; };
		BA3219831AE2488D0075FB0F /* Info.plist */ = {isa = PBXFileReference; lastKnownFileType = text.plist.xml; path = Info.plist; sourceTree = "<group>"; };
		BA3219841AE2488D0075FB0F /* FeRainbowMenuTests.m */ = {isa = PBXFileReference; lastKnownFileType = sourcecode.c.objc; path = FeRainbowMenuTests.m; sourceTree = "<group>"; };
/* End PBXFileReference section */

/* Begin PBXFrameworksBuildPhase section */
		BA3219621AE2488D0075FB0F /* Frameworks */ = {
			isa = PBXFrameworksBuildPhase;
			buildActionMask = 2147483647;
			files = (
			);
			runOnlyForDeploymentPostprocessing = 0;
		};
		BA32197B1AE2488D0075FB0F /* Frameworks */ = {
			isa = PBXFrameworksBuildPhase;
			buildActionMask = 2147483647;
			files = (
			);
			runOnlyForDeploymentPostprocessing = 0;
		};
/* End PBXFrameworksBuildPhase section */

/* Begin PBXGroup section */
		BA32195C1AE2488D0075FB0F = {
			isa = PBXGroup;
			children = (
				BA3219671AE2488D0075FB0F /* FeRainbowMenu */,
				BA3219811AE2488D0075FB0F /* FeRainbowMenuTests */,
				BA3219661AE2488D0075FB0F /* Products */,
			);
			sourceTree = "<group>";
		};
		BA3219661AE2488D0075FB0F /* Products */ = {
			isa = PBXGroup;
			children = (
				BA3219651AE2488D0075FB0F /* FeRainbowMenu.app */,
				BA32197E1AE2488D0075FB0F /* FeRainbowMenuTests.xctest */,
			);
			name = Products;
			sourceTree = "<group>";
		};
		BA3219671AE2488D0075FB0F /* FeRainbowMenu */ = {
			isa = PBXGroup;
			children = (
				BA32196C1AE2488D0075FB0F /* AppDelegate.h */,
				BA32196D1AE2488D0075FB0F /* AppDelegate.m */,
				BA32196F1AE2488D0075FB0F /* ViewController.h */,
				BA3219701AE2488D0075FB0F /* ViewController.m */,
				BA3219721AE2488D0075FB0F /* Main.storyboard */,
				BA3219751AE2488D0075FB0F /* Images.xcassets */,
				BA3219771AE2488D0075FB0F /* LaunchScreen.xib */,
				BA3219681AE2488D0075FB0F /* Supporting Files */,
			);
			path = FeRainbowMenu;
			sourceTree = "<group>";
		};
		BA3219681AE2488D0075FB0F /* Supporting Files */ = {
			isa = PBXGroup;
			children = (
				BA3219691AE2488D0075FB0F /* Info.plist */,
				BA32196A1AE2488D0075FB0F /* main.m */,
			);
			name = "Supporting Files";
			sourceTree = "<group>";
		};
		BA3219811AE2488D0075FB0F /* FeRainbowMenuTests */ = {
			isa = PBXGroup;
			children = (
				BA3219841AE2488D0075FB0F /* FeRainbowMenuTests.m */,
				BA3219821AE2488D0075FB0F /* Supporting Files */,
			);
			path = FeRainbowMenuTests;
			sourceTree = "<group>";
		};
		BA3219821AE2488D0075FB0F /* Supporting Files */ = {
			isa = PBXGroup;
			children = (
				BA3219831AE2488D0075FB0F /* Info.plist */,
			);
			name = "Supporting Files";
			sourceTree = "<group>";
		};
/* End PBXGroup section */

/* Begin PBXNativeTarget section */
		BA3219641AE2488D0075FB0F /* FeRainbowMenu */ = {
			isa = PBXNativeTarget;
			buildConfigurationList = BA3219881AE2488D0075FB0F /* Build configuration list for PBXNativeTarget "FeRainbowMenu" */;
			buildPhases = (
				BA3219611AE2488D0075FB0F /* Sources */,
				BA3219621AE2488D0075FB0F /* Frameworks */,
				BA3219631AE2488D0075FB0F /* Resources */,
			);
			buildRules = (
			);
			dependencies = (
			);
			name = FeRainbowMenu;
			productName = FeRainbowMenu;
			productReference = BA3219651AE2488D0075FB0F /* FeRainbowMenu.app */;
			productType = "com.apple.product-type.application";
		};
		BA32197D1AE2488D0075FB0F /* FeRainbowMenuTests */ = {
			isa = PBXNativeTarget;
			buildConfigurationList = BA32198B1AE2488D0075FB0F /* Build configuration list for PBXNativeTarget "FeRainbowMenuTests" */;
			buildPhases = (
				BA32197A1AE2488D0075FB0F /* Sources */,
				BA32197B1AE2488D0075FB0F /* Frameworks */,
				BA32197C1AE2488D0075FB0F /* Resources */,
			);
			buildRules = (
			);
			dependencies = (
				BA3219801AE2488D0075FB0F /* PBXTargetDependency */,
			);
			name = FeRainbowMenuTests;
			productName = FeRainbowMenuTests;
			productReference = BA32197E1AE2488D0075FB0F /* FeRainbowMenuTests.xctest */;
			productType = "com.apple.product-type.bundle.unit-test";
		};
/* End PBXNativeTarget section */

/* Begin PBXProject section */
		BA32195D1AE2488D0075FB0F /* Project object */ = {
			isa = PBXProject;
			attributes = {
				LastUpgradeCheck = 0630;
				ORGANIZATIONNAME = Fe;
				TargetAttributes = {
					BA3219641AE2488D0075FB0F = {
						CreatedOnToolsVersion = 6.3;
					};
					BA32197D1AE2488D0075FB0F = {
						CreatedOnToolsVersion = 6.3;
						TestTargetID = BA3219641AE2488D0075FB0F;
					};
				};
			};
			buildConfigurationList = BA3219601AE2488D0075FB0F /* Build configuration list for PBXProject "FeRainbowMenu" */;
			compatibilityVersion = "Xcode 3.2";
			developmentRegion = English;
			hasScannedForEncodings = 0;
			knownRegions = (
				en,
				Base,
			);
			mainGroup = BA32195C1AE2488D0075FB0F;
			productRefGroup = BA3219661AE2488D0075FB0F /* Products */;
			projectDirPath = "";
			projectRoot = "";
			targets = (
				BA3219641AE2488D0075FB0F /* FeRainbowMenu */,
				BA32197D1AE2488D0075FB0F /* FeRainbowMenuTests */,
			);
		};
/* End PBXProject section */

/* Begin PBXResourcesBuildPhase section */
		BA3219631AE2488D0075FB0F /* Resources */ = {
			isa = PBXResourcesBuildPhase;
			buildActionMask = 2147483647;
			files = (
				BA3219741AE2488D0075FB0F /* Main.storyboard in Resources */,
				BA3219791AE2488D0075FB0F /* LaunchScreen.xib in Resources */,
				BA3219761AE2488D0075FB0F /* Images.xcassets in Resources */,
			);
			runOnlyForDeploymentPostprocessing = 0;
		};
		BA32197C1AE2488D0075FB0F /* Resources */ = {
			isa = PBXResourcesBuildPhase;
			buildActionMask = 2147483647;
			files = (
			);
			runOnlyForDeploymentPostprocessing = 0;
		};
/* End PBXResourcesBuildPhase section */

/* Begin PBXSourcesBuildPhase section */
		BA3219611AE2488D0075FB0F /* Sources */ = {
			isa = PBXSourcesBuildPhase;
			buildActionMask = 2147483647;
			files = (
				BA3219711AE2488D0075FB0F /* ViewController.m in Sources */,
				BA32196E1AE2488D0075FB0F /* AppDelegate.m in Sources */,
				BA32196B1AE2488D0075FB0F /* main.m in Sources */,
			);
			runOnlyForDeploymentPostprocessing = 0;
		};
		BA32197A1AE2488D0075FB0F /* Sources */ = {
			isa = PBXSourcesBuildPhase;
			buildActionMask = 2147483647;
			files = (
				BA3219851AE2488D0075FB0F /* FeRainbowMenuTests.m in Sources */,
			);
			runOnlyForDeploymentPostprocessing = 0;
		};
/* End PBXSourcesBuildPhase section */

/* Begin PBXTargetDependency section */
		BA3219801AE2488D0075FB0F /* PBXTargetDependency */ = {
			isa = PBXTargetDependency;
			target = BA3219641AE2488D0075FB0F /* FeRainbowMenu */;
			targetProxy = BA32197F1AE2488D0075FB0F /* PBXContainerItemProxy */;
		};
/* End PBXTargetDependency section */

/* Begin PBXVariantGroup section */
		BA3219721AE2488D0075FB0F /* Main.storyboard */ = {
			isa = PBXVariantGroup;
			children = (
				BA3219731AE2488D0075FB0F /* Base */,
			);
			name = Main.storyboard;
			sourceTree = "<group>";
		};
		BA3219771AE2488D0075FB0F /* LaunchScreen.xib */ = {
			isa = PBXVariantGroup;
			children = (
				BA3219781AE2488D0075FB0F /* Base */,
			);
			name = LaunchScreen.xib;
			sourceTree = "<group>";
		};
/* End PBXVariantGroup section */

/* Begin XCBuildConfiguration section */
		BA3219861AE2488D0075FB0F /* Debug */ = {
			isa = XCBuildConfiguration;
			buildSettings = {
				ALWAYS_SEARCH_USER_PATHS = NO;
				CLANG_CXX_LANGUAGE_STANDARD = "gnu++0x";
				CLANG_CXX_LIBRARY = "libc++";
				CLANG_ENABLE_MODULES = YES;
				CLANG_ENABLE_OBJC_ARC = YES;
				CLANG_WARN_BOOL_CONVERSION = YES;
				CLANG_WARN_CONSTANT_CONVERSION = YES;
				CLANG_WARN_DIRECT_OBJC_ISA_USAGE = YES_ERROR;
				CLANG_WARN_EMPTY_BODY = YES;
				CLANG_WARN_ENUM_CONVERSION = YES;
				CLANG_WARN_INT_CONVERSION = YES;
				CLANG_WARN_OBJC_ROOT_CLASS = YES_ERROR;
				CLANG_WARN_UNREACHABLE_CODE = YES;
				CLANG_WARN__DUPLICATE_METHOD_MATCH = YES;
				"CODE_SIGN_IDENTITY[sdk=iphoneos*]" = "iPhone Developer";
				COPY_PHASE_STRIP = NO;
				DEBUG_INFORMATION_FORMAT = "dwarf-with-dsym";
				ENABLE_STRICT_OBJC_MSGSEND = YES;
				GCC_C_LANGUAGE_STANDARD = gnu99;
				GCC_DYNAMIC_NO_PIC = NO;
				GCC_NO_COMMON_BLOCKS = YES;
				GCC_OPTIMIZATION_LEVEL = 0;
				GCC_PREPROCESSOR_DEFINITIONS = (
					"DEBUG=1",
					"$(inherited)",
				);
				GCC_SYMBOLS_PRIVATE_EXTERN = NO;
				GCC_WARN_64_TO_32_BIT_CONVERSION = YES;
				GCC_WARN_ABOUT_RETURN_TYPE = YES_ERROR;
				GCC_WARN_UNDECLARED_SELECTOR = YES;
				GCC_WARN_UNINITIALIZED_AUTOS = YES_AGGRESSIVE;
				GCC_WARN_UNUSED_FUNCTION = YES;
				GCC_WARN_UNUSED_VARIABLE = YES;
				IPHONEOS_DEPLOYMENT_TARGET = 8.3;
				MTL_ENABLE_DEBUG_INFO = YES;
				ONLY_ACTIVE_ARCH = YES;
				SDKROOT = iphoneos;
			};
			name = Debug;
		};
		BA3219871AE2488D0075FB0F /* Release */ = {
			isa = XCBuildConfiguration;
			buildSettings = {
				ALWAYS_SEARCH_USER_PATHS = NO;
				CLANG_CXX_LANGUAGE_STANDARD = "gnu++0x";
				CLANG_CXX_LIBRARY = "libc++";
				CLANG_ENABLE_MODULES = YES;
				CLANG_ENABLE_OBJC_ARC = YES;
				CLANG_WARN_BOOL_CONVERSION = YES;
				CLANG_WARN_CONSTANT_CONVERSION = YES;
				CLANG_WARN_DIRECT_OBJC_ISA_USAGE = YES_ERROR;
				CLANG_WARN_EMPTY_BODY = YES;
				CLANG_WARN_ENUM_CONVERSION = YES;
				CLANG_WARN_INT_CONVERSION = YES;
				CLANG_WARN_OBJC_ROOT_CLASS = YES_ERROR;
				CLANG_WARN_UNREACHABLE_CODE = YES;
				CLANG_WARN__DUPLICATE_METHOD_MATCH = YES;
				"CODE_SIGN_IDENTITY[sdk=iphoneos*]" = "iPhone Developer";
				COPY_PHASE_STRIP = NO;
				DEBUG_INFORMATION_FORMAT = "dwarf-with-dsym";
				ENABLE_NS_ASSERTIONS = NO;
				ENABLE_STRICT_OBJC_MSGSEND = YES;
				GCC_C_LANGUAGE_STANDARD = gnu99;
				GCC_NO_COMMON_BLOCKS = YES;
				GCC_WARN_64_TO_32_BIT_CONVERSION = YES;
				GCC_WARN_ABOUT_RETURN_TYPE = YES_ERROR;
				GCC_WARN_UNDECLARED_SELECTOR = YES;
				GCC_WARN_UNINITIALIZED_AUTOS = YES_AGGRESSIVE;
				GCC_WARN_UNUSED_FUNCTION = YES;
				GCC_WARN_UNUSED_VARIABLE = YES;
				IPHONEOS_DEPLOYMENT_TARGET = 8.3;
				MTL_ENABLE_DEBUG_INFO = NO;
				SDKROOT = iphoneos;
				VALIDATE_PRODUCT = YES;
			};
			name = Release;
		};
		BA3219891AE2488D0075FB0F /* Debug */ = {
			isa = XCBuildConfiguration;
			buildSettings = {
				ASSETCATALOG_COMPILER_APPICON_NAME = AppIcon;
				INFOPLIST_FILE = FeRainbowMenu/Info.plist;
				LD_RUNPATH_SEARCH_PATHS = "$(inherited) @executable_path/Frameworks";
				PRODUCT_NAME = "$(TARGET_NAME)";
			};
			name = Debug;
		};
		BA32198A1AE2488D0075FB0F /* Release */ = {
			isa = XCBuildConfiguration;
			buildSettings = {
				ASSETCATALOG_COMPILER_APPICON_NAME = AppIcon;
				INFOPLIST_FILE = FeRainbowMenu/Info.plist;
				LD_RUNPATH_SEARCH_PATHS = "$(inherited) @executable_path/Frameworks";
				PRODUCT_NAME = "$(TARGET_NAME)";
			};
			name = Release;
		};
		BA32198C1AE2488D0075FB0F /* Debug */ = {
			isa = XCBuildConfiguration;
			buildSettings = {
				BUNDLE_LOADER = "$(TEST_HOST)";
				FRAMEWORK_SEARCH_PATHS = (
					"$(SDKROOT)/Developer/Library/Frameworks",
					"$(inherited)",
				);
				GCC_PREPROCESSOR_DEFINITIONS = (
					"DEBUG=1",
					"$(inherited)",
				);
				INFOPLIST_FILE = FeRainbowMenuTests/Info.plist;
				LD_RUNPATH_SEARCH_PATHS = "$(inherited) @executable_path/Frameworks @loader_path/Frameworks";
				PRODUCT_NAME = "$(TARGET_NAME)";
				TEST_HOST = "$(BUILT_PRODUCTS_DIR)/FeRainbowMenu.app/FeRainbowMenu";
			};
			name = Debug;
		};
		BA32198D1AE2488D0075FB0F /* Release */ = {
			isa = XCBuildConfiguration;
			buildSettings = {
				BUNDLE_LOADER = "$(TEST_HOST)";
				FRAMEWORK_SEARCH_PATHS = (
					"$(SDKROOT)/Developer/Library/Frameworks",
					"$(inherited)",
				);
				INFOPLIST_FILE = FeRainbowMenuTests/Info.plist;
				LD_RUNPATH_SEARCH_PATHS = "$(inherited) @executable_path/Frameworks @loader_path/Frameworks";
				PRODUCT_NAME = "$(TARGET_NAME)";
				TEST_HOST = "$(BUILT_PRODUCTS_DIR)/FeRainbowMenu.app/FeRainbowMenu";
			};
			name = Release;
		};
/* End XCBuildConfiguration section */

/* Begin XCConfigurationList section */
		BA3219601AE2488D0075FB0F /* Build configuration list for PBXProject "FeRainbowMenu" */ = {
			isa = XCConfigurationList;
			buildConfigurations = (
				BA3219861AE2488D0075FB0F /* Debug */,
				BA3219871AE2488D0075FB0F /* Release */,
			);
			defaultConfigurationIsVisible = 0;
			defaultConfigurationName = Release;
		};
		BA3219881AE2488D0075FB0F /* Build configuration list for PBXNativeTarget "FeRainbowMenu" */ = {
			isa = XCConfigurationList;
			buildConfigurations = (
				BA3219891AE2488D0075FB0F /* Debug */,
				BA32198A1AE2488D0075FB0F /* Release */,
			);
			defaultConfigurationIsVisible = 0;
		};
		BA32198B1AE2488D0075FB0F /* Build configuration list for PBXNativeTarget "FeRainbowMenuTests" */ = {
			isa = XCConfigurationList;
			buildConfigurations = (
				BA32198C1AE2488D0075FB0F /* Debug */,
				BA32198D1AE2488D0075FB0F /* Release */,
			);
			defaultConfigurationIsVisible = 0;
		};
/* End XCConfigurationList section */
	};
	rootObject = BA32195D1AE2488D0075FB0F /* Project object */;
}
